// !$*UTF8*$!
{
	archiveVersion = 1;
	classes = {
	};
	objectVersion = 46;
	objects = {

/* Begin PBXBuildFile section */
		11EA133F1DE71D80007DDF6D /* AppDelegate.swift in Sources */ = {isa = PBXBuildFile; fileRef = 11EA133E1DE71D80007DDF6D /* AppDelegate.swift */; };
		11EA13411DE71D80007DDF6D /* ViewController.swift in Sources */ = {isa = PBXBuildFile; fileRef = 11EA13401DE71D80007DDF6D /* ViewController.swift */; };
		11EA13441DE71D80007DDF6D /* Main.storyboard in Resources */ = {isa = PBXBuildFile; fileRef = 11EA13421DE71D80007DDF6D /* Main.storyboard */; };
		11EA13461DE71D80007DDF6D /* Assets.xcassets in Resources */ = {isa = PBXBuildFile; fileRef = 11EA13451DE71D80007DDF6D /* Assets.xcassets */; };
		11EA13491DE71D80007DDF6D /* LaunchScreen.storyboard in Resources */ = {isa = PBXBuildFile; fileRef = 11EA13471DE71D80007DDF6D /* LaunchScreen.storyboard */; };
		11EA13541DE71D80007DDF6D /* MotionDetectUITests.swift in Sources */ = {isa = PBXBuildFile; fileRef = 11EA13531DE71D80007DDF6D /* MotionDetectUITests.swift */; };
		11EA13641DE71E01007DDF6D /* Interface.storyboard in Resources */ = {isa = PBXBuildFile; fileRef = 11EA13621DE71E01007DDF6D /* Interface.storyboard */; };
		11EA13661DE71E01007DDF6D /* Assets.xcassets in Resources */ = {isa = PBXBuildFile; fileRef = 11EA13651DE71E01007DDF6D /* Assets.xcassets */; };
		11EA136D1DE71E01007DDF6D /* WatchMotionDetect Extension.appex in Embed App Extensions */ = {isa = PBXBuildFile; fileRef = 11EA136C1DE71E01007DDF6D /* WatchMotionDetect Extension.appex */; settings = {ATTRIBUTES = (RemoveHeadersOnCopy, ); }; };
		11EA13721DE71E01007DDF6D /* InterfaceController.swift in Sources */ = {isa = PBXBuildFile; fileRef = 11EA13711DE71E01007DDF6D /* InterfaceController.swift */; };
		11EA13741DE71E01007DDF6D /* ExtensionDelegate.swift in Sources */ = {isa = PBXBuildFile; fileRef = 11EA13731DE71E01007DDF6D /* ExtensionDelegate.swift */; };
		11EA13761DE71E01007DDF6D /* Assets.xcassets in Resources */ = {isa = PBXBuildFile; fileRef = 11EA13751DE71E01007DDF6D /* Assets.xcassets */; };
		11EA137A1DE71E01007DDF6D /* WatchMotionDetect.app in Embed Watch Content */ = {isa = PBXBuildFile; fileRef = 11EA13601DE71E01007DDF6D /* WatchMotionDetect.app */; };
		11EA13851DE71E62007DDF6D /* CoreMotionService.swift in Sources */ = {isa = PBXBuildFile; fileRef = 11EA13841DE71E62007DDF6D /* CoreMotionService.swift */; };
/* End PBXBuildFile section */

/* Begin PBXContainerItemProxy section */
		11EA13501DE71D80007DDF6D /* PBXContainerItemProxy */ = {
			isa = PBXContainerItemProxy;
			containerPortal = 11EA13331DE71D80007DDF6D /* Project object */;
			proxyType = 1;
			remoteGlobalIDString = 11EA133A1DE71D80007DDF6D;
			remoteInfo = MotionDetect;
		};
		11EA136E1DE71E01007DDF6D /* PBXContainerItemProxy */ = {
			isa = PBXContainerItemProxy;
			containerPortal = 11EA13331DE71D80007DDF6D /* Project object */;
			proxyType = 1;
			remoteGlobalIDString = 11EA136B1DE71E01007DDF6D;
			remoteInfo = "WatchMotionDetect Extension";
		};
		11EA13781DE71E01007DDF6D /* PBXContainerItemProxy */ = {
			isa = PBXContainerItemProxy;
			containerPortal = 11EA13331DE71D80007DDF6D /* Project object */;
			proxyType = 1;
			remoteGlobalIDString = 11EA135F1DE71E01007DDF6D;
			remoteInfo = WatchMotionDetect;
		};
/* End PBXContainerItemProxy section */

/* Begin PBXCopyFilesBuildPhase section */
		11EA137E1DE71E01007DDF6D /* Embed App Extensions */ = {
			isa = PBXCopyFilesBuildPhase;
			buildActionMask = 2147483647;
			dstPath = "";
			dstSubfolderSpec = 13;
			files = (
				11EA136D1DE71E01007DDF6D /* WatchMotionDetect Extension.appex in Embed App Extensions */,
			);
			name = "Embed App Extensions";
			runOnlyForDeploymentPostprocessing = 0;
		};
		11EA13821DE71E01007DDF6D /* Embed Watch Content */ = {
			isa = PBXCopyFilesBuildPhase;
			buildActionMask = 2147483647;
			dstPath = "$(CONTENTS_FOLDER_PATH)/Watch";
			dstSubfolderSpec = 16;
			files = (
				11EA137A1DE71E01007DDF6D /* WatchMotionDetect.app in Embed Watch Content */,
			);
			name = "Embed Watch Content";
			runOnlyForDeploymentPostprocessing = 0;
		};
/* End PBXCopyFilesBuildPhase section */

/* Begin PBXFileReference section */
		11EA133B1DE71D80007DDF6D /* MotionDetect.app */ = {isa = PBXFileReference; explicitFileType = wrapper.application; includeInIndex = 0; path = MotionDetect.app; sourceTree = BUILT_PRODUCTS_DIR; };
		11EA133E1DE71D80007DDF6D /* AppDelegate.swift */ = {isa = PBXFileReference; lastKnownFileType = sourcecode.swift; path = AppDelegate.swift; sourceTree = "<group>"; };
		11EA13401DE71D80007DDF6D /* ViewController.swift */ = {isa = PBXFileReference; lastKnownFileType = sourcecode.swift; path = ViewController.swift; sourceTree = "<group>"; };
		11EA13431DE71D80007DDF6D /* Base */ = {isa = PBXFileReference; lastKnownFileType = file.storyboard; name = Base; path = Base.lproj/Main.storyboard; sourceTree = "<group>"; };
		11EA13451DE71D80007DDF6D /* Assets.xcassets */ = {isa = PBXFileReference; lastKnownFileType = folder.assetcatalog; path = Assets.xcassets; sourceTree = "<group>"; };
		11EA13481DE71D80007DDF6D /* Base */ = {isa = PBXFileReference; lastKnownFileType = file.storyboard; name = Base; path = Base.lproj/LaunchScreen.storyboard; sourceTree = "<group>"; };
		11EA134A1DE71D80007DDF6D /* Info.plist */ = {isa = PBXFileReference; lastKnownFileType = text.plist.xml; path = Info.plist; sourceTree = "<group>"; };
		11EA134F1DE71D80007DDF6D /* MotionDetectUITests.xctest */ = {isa = PBXFileReference; explicitFileType = wrapper.cfbundle; includeInIndex = 0; path = MotionDetectUITests.xctest; sourceTree = BUILT_PRODUCTS_DIR; };
		11EA13531DE71D80007DDF6D /* MotionDetectUITests.swift */ = {isa = PBXFileReference; lastKnownFileType = sourcecode.swift; path = MotionDetectUITests.swift; sourceTree = "<group>"; };
		11EA13551DE71D80007DDF6D /* Info.plist */ = {isa = PBXFileReference; lastKnownFileType = text.plist.xml; path = Info.plist; sourceTree = "<group>"; };
		11EA13601DE71E01007DDF6D /* WatchMotionDetect.app */ = {isa = PBXFileReference; explicitFileType = wrapper.application; includeInIndex = 0; path = WatchMotionDetect.app; sourceTree = BUILT_PRODUCTS_DIR; };
		11EA13631DE71E01007DDF6D /* Base */ = {isa = PBXFileReference; lastKnownFileType = file.storyboard; name = Base; path = Base.lproj/Interface.storyboard; sourceTree = "<group>"; };
		11EA13651DE71E01007DDF6D /* Assets.xcassets */ = {isa = PBXFileReference; lastKnownFileType = folder.assetcatalog; path = Assets.xcassets; sourceTree = "<group>"; };
		11EA13671DE71E01007DDF6D /* Info.plist */ = {isa = PBXFileReference; lastKnownFileType = text.plist.xml; path = Info.plist; sourceTree = "<group>"; };
		11EA136C1DE71E01007DDF6D /* WatchMotionDetect Extension.appex */ = {isa = PBXFileReference; explicitFileType = "wrapper.app-extension"; includeInIndex = 0; path = "WatchMotionDetect Extension.appex"; sourceTree = BUILT_PRODUCTS_DIR; };
		11EA13711DE71E01007DDF6D /* InterfaceController.swift */ = {isa = PBXFileReference; lastKnownFileType = sourcecode.swift; path = InterfaceController.swift; sourceTree = "<group>"; };
		11EA13731DE71E01007DDF6D /* ExtensionDelegate.swift */ = {isa = PBXFileReference; lastKnownFileType = sourcecode.swift; path = ExtensionDelegate.swift; sourceTree = "<group>"; };
		11EA13751DE71E01007DDF6D /* Assets.xcassets */ = {isa = PBXFileReference; lastKnownFileType = folder.assetcatalog; path = Assets.xcassets; sourceTree = "<group>"; };
		11EA13771DE71E01007DDF6D /* Info.plist */ = {isa = PBXFileReference; lastKnownFileType = text.plist.xml; path = Info.plist; sourceTree = "<group>"; };
		11EA13841DE71E62007DDF6D /* CoreMotionService.swift */ = {isa = PBXFileReference; fileEncoding = 4; lastKnownFileType = sourcecode.swift; path = CoreMotionService.swift; sourceTree = "<group>"; };
/* End PBXFileReference section */

/* Begin PBXFrameworksBuildPhase section */
		11EA13381DE71D80007DDF6D /* Frameworks */ = {
			isa = PBXFrameworksBuildPhase;
			buildActionMask = 2147483647;
			files = (
			);
			runOnlyForDeploymentPostprocessing = 0;
		};
		11EA134C1DE71D80007DDF6D /* Frameworks */ = {
			isa = PBXFrameworksBuildPhase;
			buildActionMask = 2147483647;
			files = (
			);
			runOnlyForDeploymentPostprocessing = 0;
		};
		11EA13691DE71E01007DDF6D /* Frameworks */ = {
			isa = PBXFrameworksBuildPhase;
			buildActionMask = 2147483647;
			files = (
			);
			runOnlyForDeploymentPostprocessing = 0;
		};
/* End PBXFrameworksBuildPhase section */

/* Begin PBXGroup section */
		11EA13321DE71D80007DDF6D = {
			isa = PBXGroup;
			children = (
				11EA133D1DE71D80007DDF6D /* MotionDetect */,
				11EA13521DE71D80007DDF6D /* MotionDetectUITests */,
				11EA13611DE71E01007DDF6D /* WatchMotionDetect */,
				11EA13701DE71E01007DDF6D /* WatchMotionDetect Extension */,
				11EA133C1DE71D80007DDF6D /* Products */,
			);
			sourceTree = "<group>";
		};
		11EA133C1DE71D80007DDF6D /* Products */ = {
			isa = PBXGroup;
			children = (
				11EA133B1DE71D80007DDF6D /* MotionDetect.app */,
				11EA134F1DE71D80007DDF6D /* MotionDetectUITests.xctest */,
				11EA13601DE71E01007DDF6D /* WatchMotionDetect.app */,
				11EA136C1DE71E01007DDF6D /* WatchMotionDetect Extension.appex */,
			);
			name = Products;
			sourceTree = "<group>";
		};
		11EA133D1DE71D80007DDF6D /* MotionDetect */ = {
			isa = PBXGroup;
			children = (
				11EA133E1DE71D80007DDF6D /* AppDelegate.swift */,
				11EA13401DE71D80007DDF6D /* ViewController.swift */,
				11EA13421DE71D80007DDF6D /* Main.storyboard */,
				11EA13451DE71D80007DDF6D /* Assets.xcassets */,
				11EA13471DE71D80007DDF6D /* LaunchScreen.storyboard */,
				11EA134A1DE71D80007DDF6D /* Info.plist */,
			);
			path = MotionDetect;
			sourceTree = "<group>";
		};
		11EA13521DE71D80007DDF6D /* MotionDetectUITests */ = {
			isa = PBXGroup;
			children = (
				11EA13531DE71D80007DDF6D /* MotionDetectUITests.swift */,
				11EA13551DE71D80007DDF6D /* Info.plist */,
			);
			path = MotionDetectUITests;
			sourceTree = "<group>";
		};
		11EA13611DE71E01007DDF6D /* WatchMotionDetect */ = {
			isa = PBXGroup;
			children = (
				11EA13621DE71E01007DDF6D /* Interface.storyboard */,
				11EA13651DE71E01007DDF6D /* Assets.xcassets */,
				11EA13671DE71E01007DDF6D /* Info.plist */,
			);
			path = WatchMotionDetect;
			sourceTree = "<group>";
		};
		11EA13701DE71E01007DDF6D /* WatchMotionDetect Extension */ = {
			isa = PBXGroup;
			children = (
				11EA13831DE71E2F007DDF6D /* MotionServices */,
				11EA13711DE71E01007DDF6D /* InterfaceController.swift */,
				11EA13731DE71E01007DDF6D /* ExtensionDelegate.swift */,
				11EA13751DE71E01007DDF6D /* Assets.xcassets */,
				11EA13771DE71E01007DDF6D /* Info.plist */,
			);
			path = "WatchMotionDetect Extension";
			sourceTree = "<group>";
		};
		11EA13831DE71E2F007DDF6D /* MotionServices */ = {
			isa = PBXGroup;
			children = (
				11EA13841DE71E62007DDF6D /* CoreMotionService.swift */,
			);
			name = MotionServices;
			sourceTree = "<group>";
		};
/* End PBXGroup section */

/* Begin PBXNativeTarget section */
		11EA133A1DE71D80007DDF6D /* MotionDetect */ = {
			isa = PBXNativeTarget;
			buildConfigurationList = 11EA13581DE71D80007DDF6D /* Build configuration list for PBXNativeTarget "MotionDetect" */;
			buildPhases = (
				11EA13371DE71D80007DDF6D /* Sources */,
				11EA13381DE71D80007DDF6D /* Frameworks */,
				11EA13391DE71D80007DDF6D /* Resources */,
				11EA13821DE71E01007DDF6D /* Embed Watch Content */,
			);
			buildRules = (
			);
			dependencies = (
				11EA13791DE71E01007DDF6D /* PBXTargetDependency */,
			);
			name = MotionDetect;
			productName = MotionDetect;
			productReference = 11EA133B1DE71D80007DDF6D /* MotionDetect.app */;
			productType = "com.apple.product-type.application";
		};
		11EA134E1DE71D80007DDF6D /* MotionDetectUITests */ = {
			isa = PBXNativeTarget;
			buildConfigurationList = 11EA135B1DE71D80007DDF6D /* Build configuration list for PBXNativeTarget "MotionDetectUITests" */;
			buildPhases = (
				11EA134B1DE71D80007DDF6D /* Sources */,
				11EA134C1DE71D80007DDF6D /* Frameworks */,
				11EA134D1DE71D80007DDF6D /* Resources */,
			);
			buildRules = (
			);
			dependencies = (
				11EA13511DE71D80007DDF6D /* PBXTargetDependency */,
			);
			name = MotionDetectUITests;
			productName = MotionDetectUITests;
			productReference = 11EA134F1DE71D80007DDF6D /* MotionDetectUITests.xctest */;
			productType = "com.apple.product-type.bundle.ui-testing";
		};
		11EA135F1DE71E01007DDF6D /* WatchMotionDetect */ = {
			isa = PBXNativeTarget;
			buildConfigurationList = 11EA137F1DE71E01007DDF6D /* Build configuration list for PBXNativeTarget "WatchMotionDetect" */;
			buildPhases = (
				11EA135E1DE71E01007DDF6D /* Resources */,
				11EA137E1DE71E01007DDF6D /* Embed App Extensions */,
			);
			buildRules = (
			);
			dependencies = (
				11EA136F1DE71E01007DDF6D /* PBXTargetDependency */,
			);
			name = WatchMotionDetect;
			productName = WatchMotionDetect;
			productReference = 11EA13601DE71E01007DDF6D /* WatchMotionDetect.app */;
			productType = "com.apple.product-type.application.watchapp2";
		};
		11EA136B1DE71E01007DDF6D /* WatchMotionDetect Extension */ = {
			isa = PBXNativeTarget;
			buildConfigurationList = 11EA137B1DE71E01007DDF6D /* Build configuration list for PBXNativeTarget "WatchMotionDetect Extension" */;
			buildPhases = (
				11EA13681DE71E01007DDF6D /* Sources */,
				11EA13691DE71E01007DDF6D /* Frameworks */,
				11EA136A1DE71E01007DDF6D /* Resources */,
			);
			buildRules = (
			);
			dependencies = (
			);
			name = "WatchMotionDetect Extension";
			productName = "WatchMotionDetect Extension";
			productReference = 11EA136C1DE71E01007DDF6D /* WatchMotionDetect Extension.appex */;
			productType = "com.apple.product-type.watchkit2-extension";
		};
/* End PBXNativeTarget section */

/* Begin PBXProject section */
		11EA13331DE71D80007DDF6D /* Project object */ = {
			isa = PBXProject;
			attributes = {
				LastSwiftUpdateCheck = 0810;
				LastUpgradeCheck = 0810;
				ORGANIZATIONNAME = "Enkhjargal Gansukh";
				TargetAttributes = {
					11EA133A1DE71D80007DDF6D = {
						CreatedOnToolsVersion = 8.1;
						DevelopmentTeam = J82E7D76Q3;
						ProvisioningStyle = Automatic;
					};
					11EA134E1DE71D80007DDF6D = {
						CreatedOnToolsVersion = 8.1;
						DevelopmentTeam = J82E7D76Q3;
						ProvisioningStyle = Automatic;
						TestTargetID = 11EA133A1DE71D80007DDF6D;
					};
					11EA135F1DE71E01007DDF6D = {
						CreatedOnToolsVersion = 8.1;
						DevelopmentTeam = J82E7D76Q3;
						ProvisioningStyle = Automatic;
					};
					11EA136B1DE71E01007DDF6D = {
						CreatedOnToolsVersion = 8.1;
						DevelopmentTeam = J82E7D76Q3;
						ProvisioningStyle = Automatic;
					};
				};
			};
			buildConfigurationList = 11EA13361DE71D80007DDF6D /* Build configuration list for PBXProject "MotionDetect" */;
			compatibilityVersion = "Xcode 3.2";
			developmentRegion = English;
			hasScannedForEncodings = 0;
			knownRegions = (
				en,
				Base,
			);
			mainGroup = 11EA13321DE71D80007DDF6D;
			productRefGroup = 11EA133C1DE71D80007DDF6D /* Products */;
			projectDirPath = "";
			projectRoot = "";
			targets = (
				11EA133A1DE71D80007DDF6D /* MotionDetect */,
				11EA134E1DE71D80007DDF6D /* MotionDetectUITests */,
				11EA135F1DE71E01007DDF6D /* WatchMotionDetect */,
				11EA136B1DE71E01007DDF6D /* WatchMotionDetect Extension */,
			);
		};
/* End PBXProject section */

/* Begin PBXResourcesBuildPhase section */
		11EA13391DE71D80007DDF6D /* Resources */ = {
			isa = PBXResourcesBuildPhase;
			buildActionMask = 2147483647;
			files = (
				11EA13491DE71D80007DDF6D /* LaunchScreen.storyboard in Resources */,
				11EA13461DE71D80007DDF6D /* Assets.xcassets in Resources */,
				11EA13441DE71D80007DDF6D /* Main.storyboard in Resources */,
			);
			runOnlyForDeploymentPostprocessing = 0;
		};
		11EA134D1DE71D80007DDF6D /* Resources */ = {
			isa = PBXResourcesBuildPhase;
			buildActionMask = 2147483647;
			files = (
			);
			runOnlyForDeploymentPostprocessing = 0;
		};
		11EA135E1DE71E01007DDF6D /* Resources */ = {
			isa = PBXResourcesBuildPhase;
			buildActionMask = 2147483647;
			files = (
				11EA13661DE71E01007DDF6D /* Assets.xcassets in Resources */,
				11EA13641DE71E01007DDF6D /* Interface.storyboard in Resources */,
			);
			runOnlyForDeploymentPostprocessing = 0;
		};
		11EA136A1DE71E01007DDF6D /* Resources */ = {
			isa = PBXResourcesBuildPhase;
			buildActionMask = 2147483647;
			files = (
				11EA13761DE71E01007DDF6D /* Assets.xcassets in Resources */,
			);
			runOnlyForDeploymentPostprocessing = 0;
		};
/* End PBXResourcesBuildPhase section */

/* Begin PBXSourcesBuildPhase section */
		11EA13371DE71D80007DDF6D /* Sources */ = {
			isa = PBXSourcesBuildPhase;
			buildActionMask = 2147483647;
			files = (
				11EA13411DE71D80007DDF6D /* ViewController.swift in Sources */,
				11EA133F1DE71D80007DDF6D /* AppDelegate.swift in Sources */,
			);
			runOnlyForDeploymentPostprocessing = 0;
		};
		11EA134B1DE71D80007DDF6D /* Sources */ = {
			isa = PBXSourcesBuildPhase;
			buildActionMask = 2147483647;
			files = (
				11EA13541DE71D80007DDF6D /* MotionDetectUITests.swift in Sources */,
			);
			runOnlyForDeploymentPostprocessing = 0;
		};
		11EA13681DE71E01007DDF6D /* Sources */ = {
			isa = PBXSourcesBuildPhase;
			buildActionMask = 2147483647;
			files = (
				11EA13741DE71E01007DDF6D /* ExtensionDelegate.swift in Sources */,
				11EA13851DE71E62007DDF6D /* CoreMotionService.swift in Sources */,
				11EA13721DE71E01007DDF6D /* InterfaceController.swift in Sources */,
			);
			runOnlyForDeploymentPostprocessing = 0;
		};
/* End PBXSourcesBuildPhase section */

/* Begin PBXTargetDependency section */
		11EA13511DE71D80007DDF6D /* PBXTargetDependency */ = {
			isa = PBXTargetDependency;
			target = 11EA133A1DE71D80007DDF6D /* MotionDetect */;
			targetProxy = 11EA13501DE71D80007DDF6D /* PBXContainerItemProxy */;
		};
		11EA136F1DE71E01007DDF6D /* PBXTargetDependency */ = {
			isa = PBXTargetDependency;
			target = 11EA136B1DE71E01007DDF6D /* WatchMotionDetect Extension */;
			targetProxy = 11EA136E1DE71E01007DDF6D /* PBXContainerItemProxy */;
		};
		11EA13791DE71E01007DDF6D /* PBXTargetDependency */ = {
			isa = PBXTargetDependency;
			target = 11EA135F1DE71E01007DDF6D /* WatchMotionDetect */;
			targetProxy = 11EA13781DE71E01007DDF6D /* PBXContainerItemProxy */;
		};
/* End PBXTargetDependency section */

/* Begin PBXVariantGroup section */
		11EA13421DE71D80007DDF6D /* Main.storyboard */ = {
			isa = PBXVariantGroup;
			children = (
				11EA13431DE71D80007DDF6D /* Base */,
			);
			name = Main.storyboard;
			sourceTree = "<group>";
		};
		11EA13471DE71D80007DDF6D /* LaunchScreen.storyboard */ = {
			isa = PBXVariantGroup;
			children = (
				11EA13481DE71D80007DDF6D /* Base */,
			);
			name = LaunchScreen.storyboard;
			sourceTree = "<group>";
		};
		11EA13621DE71E01007DDF6D /* Interface.storyboard */ = {
			isa = PBXVariantGroup;
			children = (
				11EA13631DE71E01007DDF6D /* Base */,
			);
			name = Interface.storyboard;
			sourceTree = "<group>";
		};
/* End PBXVariantGroup section */

/* Begin XCBuildConfiguration section */
		11EA13561DE71D80007DDF6D /* Debug */ = {
			isa = XCBuildConfiguration;
			buildSettings = {
				ALWAYS_SEARCH_USER_PATHS = NO;
				CLANG_ANALYZER_NONNULL = YES;
				CLANG_CXX_LANGUAGE_STANDARD = "gnu++0x";
				CLANG_CXX_LIBRARY = "libc++";
				CLANG_ENABLE_MODULES = YES;
				CLANG_ENABLE_OBJC_ARC = YES;
				CLANG_WARN_BOOL_CONVERSION = YES;
				CLANG_WARN_CONSTANT_CONVERSION = YES;
				CLANG_WARN_DIRECT_OBJC_ISA_USAGE = YES_ERROR;
				CLANG_WARN_DOCUMENTATION_COMMENTS = YES;
				CLANG_WARN_EMPTY_BODY = YES;
				CLANG_WARN_ENUM_CONVERSION = YES;
				CLANG_WARN_INFINITE_RECURSION = YES;
				CLANG_WARN_INT_CONVERSION = YES;
				CLANG_WARN_OBJC_ROOT_CLASS = YES_ERROR;
				CLANG_WARN_SUSPICIOUS_MOVES = YES;
				CLANG_WARN_UNREACHABLE_CODE = YES;
				CLANG_WARN__DUPLICATE_METHOD_MATCH = YES;
				"CODE_SIGN_IDENTITY[sdk=iphoneos*]" = "iPhone Developer";
				COPY_PHASE_STRIP = NO;
				DEBUG_INFORMATION_FORMAT = dwarf;
				ENABLE_STRICT_OBJC_MSGSEND = YES;
				ENABLE_TESTABILITY = YES;
				GCC_C_LANGUAGE_STANDARD = gnu99;
				GCC_DYNAMIC_NO_PIC = NO;
				GCC_NO_COMMON_BLOCKS = YES;
				GCC_OPTIMIZATION_LEVEL = 0;
				GCC_PREPROCESSOR_DEFINITIONS = (
					"DEBUG=1",
					"$(inherited)",
				);
				GCC_WARN_64_TO_32_BIT_CONVERSION = YES;
				GCC_WARN_ABOUT_RETURN_TYPE = YES_ERROR;
				GCC_WARN_UNDECLARED_SELECTOR = YES;
				GCC_WARN_UNINITIALIZED_AUTOS = YES_AGGRESSIVE;
				GCC_WARN_UNUSED_FUNCTION = YES;
				GCC_WARN_UNUSED_VARIABLE = YES;
				IPHONEOS_DEPLOYMENT_TARGET = 10.1;
				MTL_ENABLE_DEBUG_INFO = YES;
				ONLY_ACTIVE_ARCH = YES;
				SDKROOT = iphoneos;
				SWIFT_ACTIVE_COMPILATION_CONDITIONS = DEBUG;
				SWIFT_OPTIMIZATION_LEVEL = "-Onone";
			};
			name = Debug;
		};
		11EA13571DE71D80007DDF6D /* Release */ = {
			isa = XCBuildConfiguration;
			buildSettings = {
				ALWAYS_SEARCH_USER_PATHS = NO;
				CLANG_ANALYZER_NONNULL = YES;
				CLANG_CXX_LANGUAGE_STANDARD = "gnu++0x";
				CLANG_CXX_LIBRARY = "libc++";
				CLANG_ENABLE_MODULES = YES;
				CLANG_ENABLE_OBJC_ARC = YES;
				CLANG_WARN_BOOL_CONVERSION = YES;
				CLANG_WARN_CONSTANT_CONVERSION = YES;
				CLANG_WARN_DIRECT_OBJC_ISA_USAGE = YES_ERROR;
				CLANG_WARN_DOCUMENTATION_COMMENTS = YES;
				CLANG_WARN_EMPTY_BODY = YES;
				CLANG_WARN_ENUM_CONVERSION = YES;
				CLANG_WARN_INFINITE_RECURSION = YES;
				CLANG_WARN_INT_CONVERSION = YES;
				CLANG_WARN_OBJC_ROOT_CLASS = YES_ERROR;
				CLANG_WARN_SUSPICIOUS_MOVES = YES;
				CLANG_WARN_UNREACHABLE_CODE = YES;
				CLANG_WARN__DUPLICATE_METHOD_MATCH = YES;
				"CODE_SIGN_IDENTITY[sdk=iphoneos*]" = "iPhone Developer";
				COPY_PHASE_STRIP = NO;
				DEBUG_INFORMATION_FORMAT = "dwarf-with-dsym";
				ENABLE_NS_ASSERTIONS = NO;
				ENABLE_STRICT_OBJC_MSGSEND = YES;
				GCC_C_LANGUAGE_STANDARD = gnu99;
				GCC_NO_COMMON_BLOCKS = YES;
				GCC_WARN_64_TO_32_BIT_CONVERSION = YES;
				GCC_WARN_ABOUT_RETURN_TYPE = YES_ERROR;
				GCC_WARN_UNDECLARED_SELECTOR = YES;
				GCC_WARN_UNINITIALIZED_AUTOS = YES_AGGRESSIVE;
				GCC_WARN_UNUSED_FUNCTION = YES;
				GCC_WARN_UNUSED_VARIABLE = YES;
				IPHONEOS_DEPLOYMENT_TARGET = 10.1;
				MTL_ENABLE_DEBUG_INFO = NO;
				SDKROOT = iphoneos;
				SWIFT_OPTIMIZATION_LEVEL = "-Owholemodule";
				VALIDATE_PRODUCT = YES;
			};
			name = Release;
		};
		11EA13591DE71D80007DDF6D /* Debug */ = {
			isa = XCBuildConfiguration;
			buildSettings = {
				ASSETCATALOG_COMPILER_APPICON_NAME = AppIcon;
				DEVELOPMENT_TEAM = J82E7D76Q3;
				INFOPLIST_FILE = MotionDetect/Info.plist;
				LD_RUNPATH_SEARCH_PATHS = "$(inherited) @executable_path/Frameworks";
				PRODUCT_BUNDLE_IDENTIFIER = Phigolf.MotionDetect;
				PRODUCT_NAME = "$(TARGET_NAME)";
				SWIFT_VERSION = 3.0;
			};
			name = Debug;
		};
		11EA135A1DE71D80007DDF6D /* Release */ = {
			isa = XCBuildConfiguration;
			buildSettings = {
				ASSETCATALOG_COMPILER_APPICON_NAME = AppIcon;
				DEVELOPMENT_TEAM = J82E7D76Q3;
				INFOPLIST_FILE = MotionDetect/Info.plist;
				LD_RUNPATH_SEARCH_PATHS = "$(inherited) @executable_path/Frameworks";
				PRODUCT_BUNDLE_IDENTIFIER = Phigolf.MotionDetect;
				PRODUCT_NAME = "$(TARGET_NAME)";
				SWIFT_VERSION = 3.0;
			};
			name = Release;
		};
		11EA135C1DE71D80007DDF6D /* Debug */ = {
			isa = XCBuildConfiguration;
			buildSettings = {
				ALWAYS_EMBED_SWIFT_STANDARD_LIBRARIES = YES;
				DEVELOPMENT_TEAM = J82E7D76Q3;
				INFOPLIST_FILE = MotionDetectUITests/Info.plist;
				LD_RUNPATH_SEARCH_PATHS = "$(inherited) @executable_path/Frameworks @loader_path/Frameworks";
				PRODUCT_BUNDLE_IDENTIFIER = Phigolf.MotionDetectUITests;
				PRODUCT_NAME = "$(TARGET_NAME)";
				SWIFT_VERSION = 3.0;
				TEST_TARGET_NAME = MotionDetect;
			};
			name = Debug;
		};
		11EA135D1DE71D80007DDF6D /* Release */ = {
			isa = XCBuildConfiguration;
			buildSettings = {
				ALWAYS_EMBED_SWIFT_STANDARD_LIBRARIES = YES;
				DEVELOPMENT_TEAM = J82E7D76Q3;
				INFOPLIST_FILE = MotionDetectUITests/Info.plist;
				LD_RUNPATH_SEARCH_PATHS = "$(inherited) @executable_path/Frameworks @loader_path/Frameworks";
				PRODUCT_BUNDLE_IDENTIFIER = Phigolf.MotionDetectUITests;
				PRODUCT_NAME = "$(TARGET_NAME)";
				SWIFT_VERSION = 3.0;
				TEST_TARGET_NAME = MotionDetect;
			};
			name = Release;
		};
		11EA137C1DE71E01007DDF6D /* Debug */ = {
			isa = XCBuildConfiguration;
			buildSettings = {
				ASSETCATALOG_COMPILER_COMPLICATION_NAME = Complication;
				DEVELOPMENT_TEAM = J82E7D76Q3;
				INFOPLIST_FILE = "WatchMotionDetect Extension/Info.plist";
				LD_RUNPATH_SEARCH_PATHS = "$(inherited) @executable_path/Frameworks @executable_path/../../Frameworks";
				PRODUCT_BUNDLE_IDENTIFIER = Phigolf.MotionDetect.watchkitapp.watchkitextension;
				PRODUCT_NAME = "${TARGET_NAME}";
				SDKROOT = watchos;
				SKIP_INSTALL = YES;
				SWIFT_VERSION = 3.0;
				TARGETED_DEVICE_FAMILY = 4;
				WATCHOS_DEPLOYMENT_TARGET = 3.0;
			};
			name = Debug;
		};
		11EA137D1DE71E01007DDF6D /* Release */ = {
			isa = XCBuildConfiguration;
			buildSettings = {
				ASSETCATALOG_COMPILER_COMPLICATION_NAME = Complication;
				DEVELOPMENT_TEAM = J82E7D76Q3;
				INFOPLIST_FILE = "WatchMotionDetect Extension/Info.plist";
				LD_RUNPATH_SEARCH_PATHS = "$(inherited) @executable_path/Frameworks @executable_path/../../Frameworks";
				PRODUCT_BUNDLE_IDENTIFIER = Phigolf.MotionDetect.watchkitapp.watchkitextension;
				PRODUCT_NAME = "${TARGET_NAME}";
				SDKROOT = watchos;
				SKIP_INSTALL = YES;
				SWIFT_VERSION = 3.0;
				TARGETED_DEVICE_FAMILY = 4;
				WATCHOS_DEPLOYMENT_TARGET = 3.0;
			};
			name = Release;
		};
		11EA13801DE71E01007DDF6D /* Debug */ = {
			isa = XCBuildConfiguration;
			buildSettings = {
				ALWAYS_EMBED_SWIFT_STANDARD_LIBRARIES = YES;
				ASSETCATALOG_COMPILER_APPICON_NAME = AppIcon;
				DEVELOPMENT_TEAM = J82E7D76Q3;
				IBSC_MODULE = WatchMotionDetect_Extension;
				INFOPLIST_FILE = WatchMotionDetect/Info.plist;
				PRODUCT_BUNDLE_IDENTIFIER = Phigolf.MotionDetect.watchkitapp;
				PRODUCT_NAME = "$(TARGET_NAME)";
				SDKROOT = watchos;
				SKIP_INSTALL = YES;
				SWIFT_VERSION = 3.0;
				TARGETED_DEVICE_FAMILY = 4;
				WATCHOS_DEPLOYMENT_TARGET = 3.1;
			};
			name = Debug;
		};
		11EA13811DE71E01007DDF6D /* Release */ = {
			isa = XCBuildConfiguration;
			buildSettings = {
				ALWAYS_EMBED_SWIFT_STANDARD_LIBRARIES = YES;
				ASSETCATALOG_COMPILER_APPICON_NAME = AppIcon;
				DEVELOPMENT_TEAM = J82E7D76Q3;
				IBSC_MODULE = WatchMotionDetect_Extension;
				INFOPLIST_FILE = WatchMotionDetect/Info.plist;
				PRODUCT_BUNDLE_IDENTIFIER = Phigolf.MotionDetect.watchkitapp;
				PRODUCT_NAME = "$(TARGET_NAME)";
				SDKROOT = watchos;
				SKIP_INSTALL = YES;
				SWIFT_VERSION = 3.0;
				TARGETED_DEVICE_FAMILY = 4;
				WATCHOS_DEPLOYMENT_TARGET = 3.1;
			};
			name = Release;
		};
/* End XCBuildConfiguration section */

/* Begin XCConfigurationList section */
		11EA13361DE71D80007DDF6D /* Build configuration list for PBXProject "MotionDetect" */ = {
			isa = XCConfigurationList;
			buildConfigurations = (
				11EA13561DE71D80007DDF6D /* Debug */,
				11EA13571DE71D80007DDF6D /* Release */,
			);
			defaultConfigurationIsVisible = 0;
			defaultConfigurationName = Release;
		};
		11EA13581DE71D80007DDF6D /* Build configuration list for PBXNativeTarget "MotionDetect" */ = {
			isa = XCConfigurationList;
			buildConfigurations = (
				11EA13591DE71D80007DDF6D /* Debug */,
				11EA135A1DE71D80007DDF6D /* Release */,
			);
			defaultConfigurationIsVisible = 0;
		};
		11EA135B1DE71D80007DDF6D /* Build configuration list for PBXNativeTarget "MotionDetectUITests" */ = {
			isa = XCConfigurationList;
			buildConfigurations = (
				11EA135C1DE71D80007DDF6D /* Debug */,
				11EA135D1DE71D80007DDF6D /* Release */,
			);
			defaultConfigurationIsVisible = 0;
		};
		11EA137B1DE71E01007DDF6D /* Build configuration list for PBXNativeTarget "WatchMotionDetect Extension" */ = {
			isa = XCConfigurationList;
			buildConfigurations = (
				11EA137C1DE71E01007DDF6D /* Debug */,
				11EA137D1DE71E01007DDF6D /* Release */,
			);
			defaultConfigurationIsVisible = 0;
		};
		11EA137F1DE71E01007DDF6D /* Build configuration list for PBXNativeTarget "WatchMotionDetect" */ = {
			isa = XCConfigurationList;
			buildConfigurations = (
				11EA13801DE71E01007DDF6D /* Debug */,
				11EA13811DE71E01007DDF6D /* Release */,
			);
			defaultConfigurationIsVisible = 0;
		};
/* End XCConfigurationList section */
	};
	rootObject = 11EA13331DE71D80007DDF6D /* Project object */;
}
